
Microsoft Visual Studio Solution File, Format Version 12.00
Project("{2150E333-8FDC-42A3-9474-1A3956D46DE8}") = "Source", "Source", "{852A572A-1568-492E-A43B-6B661F5499DF}"
EndProject
Project("{FAE04EC0-301F-11D3-BF4B-00C04F79EFBC}") = "Application", "Source\Application\Application.csproj", "{A219D0AE-F265-425E-8483-C2EEB189C895}"
EndProject
Project("{FAE04EC0-301F-11D3-BF4B-00C04F79EFBC}") = "Domain", "Source\Domain\Domain.csproj", "{D396356B-D631-4DFD-AA75-971A3F10F1E7}"
EndProject
Project("{FAE04EC0-301F-11D3-BF4B-00C04F79EFBC}") = "Infrastructure", "Source\Infrastructure\Infrastructure.csproj", "{91DC27CD-9416-4E3A-8CFD-4E681B45F205}"
EndProject
Project("{FAE04EC0-301F-11D3-BF4B-00C04F79EFBC}") = "Presentation", "Source\Presentation\Presentation.csproj", "{7CFE9A52-F833-453B-AB59-A35B8FEDD6E3}"
EndProject
Project("{2150E333-8FDC-42A3-9474-1A3956D46DE8}") = "Tests", "Tests", "{44F074FB-5F16-429C-8695-6BC5AD80E40F}"
EndProject
Project("{FAE04EC0-301F-11D3-BF4B-00C04F79EFBC}") = "Integration", "Tests\Integration\Integration.csproj", "{F501F94C-BC4A-4F9A-B90E-4DD540FCC4B5}"
EndProject
Project("{FAE04EC0-301F-11D3-BF4B-00C04F79EFBC}") = "Unit", "Tests\Unit\Unit.csproj", "{D7CDD1E0-C114-455E-BC51-B52857F9733F}"
EndProject
Global
	GlobalSection(SolutionConfigurationPlatforms) = preSolution
		Debug|Any CPU = Debug|Any CPU
		Release|Any CPU = Release|Any CPU
	EndGlobalSection
	GlobalSection(NestedProjects) = preSolution
		{7CFE9A52-F833-453B-AB59-A35B8FEDD6E3} = {852A572A-1568-492E-A43B-6B661F5499DF}
		{A219D0AE-F265-425E-8483-C2EEB189C895} = {852A572A-1568-492E-A43B-6B661F5499DF}
		{D396356B-D631-4DFD-AA75-971A3F10F1E7} = {852A572A-1568-492E-A43B-6B661F5499DF}
		{91DC27CD-9416-4E3A-8CFD-4E681B45F205} = {852A572A-1568-492E-A43B-6B661F5499DF}
		{F501F94C-BC4A-4F9A-B90E-4DD540FCC4B5} = {44F074FB-5F16-429C-8695-6BC5AD80E40F}
		{D7CDD1E0-C114-455E-BC51-B52857F9733F} = {44F074FB-5F16-429C-8695-6BC5AD80E40F}
	EndGlobalSection
	GlobalSection(ProjectConfigurationPlatforms) = postSolution
		{7CFE9A52-F833-453B-AB59-A35B8FEDD6E3}.Debug|Any CPU.ActiveCfg = Debug|Any CPU
		{7CFE9A52-F833-453B-AB59-A35B8FEDD6E3}.Debug|Any CPU.Build.0 = Debug|Any CPU
		{7CFE9A52-F833-453B-AB59-A35B8FEDD6E3}.Release|Any CPU.ActiveCfg = Release|Any CPU
		{7CFE9A52-F833-453B-AB59-A35B8FEDD6E3}.Release|Any CPU.Build.0 = Release|Any CPU
		{A219D0AE-F265-425E-8483-C2EEB189C895}.Debug|Any CPU.ActiveCfg = Debug|Any CPU
		{A219D0AE-F265-425E-8483-C2EEB189C895}.Debug|Any CPU.Build.0 = Debug|Any CPU
		{A219D0AE-F265-425E-8483-C2EEB189C895}.Release|Any CPU.ActiveCfg = Release|Any CPU
		{A219D0AE-F265-425E-8483-C2EEB189C895}.Release|Any CPU.Build.0 = Release|Any CPU
		{D396356B-D631-4DFD-AA75-971A3F10F1E7}.Debug|Any CPU.ActiveCfg = Debug|Any CPU
		{D396356B-D631-4DFD-AA75-971A3F10F1E7}.Debug|Any CPU.Build.0 = Debug|Any CPU
		{D396356B-D631-4DFD-AA75-971A3F10F1E7}.Release|Any CPU.ActiveCfg = Release|Any CPU
		{D396356B-D631-4DFD-AA75-971A3F10F1E7}.Release|Any CPU.Build.0 = Release|Any CPU
		{91DC27CD-9416-4E3A-8CFD-4E681B45F205}.Debug|Any CPU.ActiveCfg = Debug|Any CPU
		{91DC27CD-9416-4E3A-8CFD-4E681B45F205}.Debug|Any CPU.Build.0 = Debug|Any CPU
		{91DC27CD-9416-4E3A-8CFD-4E681B45F205}.Release|Any CPU.ActiveCfg = Release|Any CPU
		{91DC27CD-9416-4E3A-8CFD-4E681B45F205}.Release|Any CPU.Build.0 = Release|Any CPU
		{F501F94C-BC4A-4F9A-B90E-4DD540FCC4B5}.Debug|Any CPU.ActiveCfg = Debug|Any CPU
		{F501F94C-BC4A-4F9A-B90E-4DD540FCC4B5}.Debug|Any CPU.Build.0 = Debug|Any CPU
		{F501F94C-BC4A-4F9A-B90E-4DD540FCC4B5}.Release|Any CPU.ActiveCfg = Release|Any CPU
		{F501F94C-BC4A-4F9A-B90E-4DD540FCC4B5}.Release|Any CPU.Build.0 = Release|Any CPU
		{D7CDD1E0-C114-455E-BC51-B52857F9733F}.Debug|Any CPU.ActiveCfg = Debug|Any CPU
		{D7CDD1E0-C114-455E-BC51-B52857F9733F}.Debug|Any CPU.Build.0 = Debug|Any CPU
		{D7CDD1E0-C114-455E-BC51-B52857F9733F}.Release|Any CPU.ActiveCfg = Release|Any CPU
		{D7CDD1E0-C114-455E-BC51-B52857F9733F}.Release|Any CPU.Build.0 = Release|Any CPU
	EndGlobalSection
EndGlobal
